// !$*UTF8*$!
{
	archiveVersion = 1;
	classes = {
	};
	objectVersion = 55;
	objects = {

/* Begin PBXBuildFile section */
		7E12BA1027109B420099A7B1 /* FruitNutrientsView.swift in Sources */ = {isa = PBXBuildFile; fileRef = 7E12BA0F27109B420099A7B1 /* FruitNutrientsView.swift */; };
		7E12BA122710A1400099A7B1 /* SettingsView.swift in Sources */ = {isa = PBXBuildFile; fileRef = 7E12BA112710A1400099A7B1 /* SettingsView.swift */; };
		7E12BA142710A55F0099A7B1 /* SettingsLabelView.swift in Sources */ = {isa = PBXBuildFile; fileRef = 7E12BA132710A55F0099A7B1 /* SettingsLabelView.swift */; };
		7E46C1B92710ACBC00A2B3D5 /* SettingsRowView.swift in Sources */ = {isa = PBXBuildFile; fileRef = 7E46C1B82710ACBC00A2B3D5 /* SettingsRowView.swift */; };
		7E5CF6ED270CABCF0078264F /* FruitRowView.swift in Sources */ = {isa = PBXBuildFile; fileRef = 7E5CF6EC270CABCF0078264F /* FruitRowView.swift */; };
		7EA462662710048B001F9D67 /* FruitDetailView.swift in Sources */ = {isa = PBXBuildFile; fileRef = 7EA462652710048B001F9D67 /* FruitDetailView.swift */; };
		7EA462682710075F001F9D67 /* FruitHeaderView.swift in Sources */ = {isa = PBXBuildFile; fileRef = 7EA462672710075F001F9D67 /* FruitHeaderView.swift */; };
		7EA4626A27100A1C001F9D67 /* SourceLinkView.swift in Sources */ = {isa = PBXBuildFile; fileRef = 7EA4626927100A1C001F9D67 /* SourceLinkView.swift */; };
		7EA5622F2704C90F00DB1379 /* FructusApp.swift in Sources */ = {isa = PBXBuildFile; fileRef = 7EA5622E2704C90F00DB1379 /* FructusApp.swift */; };
		7EA562312704C90F00DB1379 /* ContentView.swift in Sources */ = {isa = PBXBuildFile; fileRef = 7EA562302704C90F00DB1379 /* ContentView.swift */; };
		7EA562332704C90F00DB1379 /* Assets.xcassets in Resources */ = {isa = PBXBuildFile; fileRef = 7EA562322704C90F00DB1379 /* Assets.xcassets */; };
		7EA562362704C90F00DB1379 /* Preview Assets.xcassets in Resources */ = {isa = PBXBuildFile; fileRef = 7EA562352704C90F00DB1379 /* Preview Assets.xcassets */; };
		7EA5623F2704CD8300DB1379 /* FruitCardView.swift in Sources */ = {isa = PBXBuildFile; fileRef = 7EA5623E2704CD8300DB1379 /* FruitCardView.swift */; };
		7EA562412704D15B00DB1379 /* StartButtonView.swift in Sources */ = {isa = PBXBuildFile; fileRef = 7EA562402704D15B00DB1379 /* StartButtonView.swift */; };
		7EA562432704D51200DB1379 /* OnboardingView.swift in Sources */ = {isa = PBXBuildFile; fileRef = 7EA562422704D51200DB1379 /* OnboardingView.swift */; };
		7ECE7FF0270ABB2F007EAE2F /* FruitModel.swift in Sources */ = {isa = PBXBuildFile; fileRef = 7ECE7FEF270ABB2F007EAE2F /* FruitModel.swift */; };
		7ECE7FF3270ABC54007EAE2F /* FruitData.swift in Sources */ = {isa = PBXBuildFile; fileRef = 7ECE7FF2270ABC54007EAE2F /* FruitData.swift */; };
/* End PBXBuildFile section */

/* Begin PBXFileReference section */
		7E12BA0F27109B420099A7B1 /* FruitNutrientsView.swift */ = {isa = PBXFileReference; lastKnownFileType = sourcecode.swift; path = FruitNutrientsView.swift; sourceTree = "<group>"; };
		7E12BA112710A1400099A7B1 /* SettingsView.swift */ = {isa = PBXFileReference; lastKnownFileType = sourcecode.swift; path = SettingsView.swift; sourceTree = "<group>"; };
		7E12BA132710A55F0099A7B1 /* SettingsLabelView.swift */ = {isa = PBXFileReference; lastKnownFileType = sourcecode.swift; path = SettingsLabelView.swift; sourceTree = "<group>"; };
		7E46C1B82710ACBC00A2B3D5 /* SettingsRowView.swift */ = {isa = PBXFileReference; lastKnownFileType = sourcecode.swift; path = SettingsRowView.swift; sourceTree = "<group>"; };
		7E5CF6EC270CABCF0078264F /* FruitRowView.swift */ = {isa = PBXFileReference; lastKnownFileType = sourcecode.swift; path = FruitRowView.swift; sourceTree = "<group>"; };
		7EA462652710048B001F9D67 /* FruitDetailView.swift */ = {isa = PBXFileReference; lastKnownFileType = sourcecode.swift; path = FruitDetailView.swift; sourceTree = "<group>"; };
		7EA462672710075F001F9D67 /* FruitHeaderView.swift */ = {isa = PBXFileReference; lastKnownFileType = sourcecode.swift; name = FruitHeaderView.swift; path = Fructus/View/FruitHeaderView.swift; sourceTree = SOURCE_ROOT; };
		7EA4626927100A1C001F9D67 /* SourceLinkView.swift */ = {isa = PBXFileReference; lastKnownFileType = sourcecode.swift; path = SourceLinkView.swift; sourceTree = "<group>"; };
		7EA5622B2704C90F00DB1379 /* Fructus.app */ = {isa = PBXFileReference; explicitFileType = wrapper.application; includeInIndex = 0; path = Fructus.app; sourceTree = BUILT_PRODUCTS_DIR; };
		7EA5622E2704C90F00DB1379 /* FructusApp.swift */ = {isa = PBXFileReference; lastKnownFileType = sourcecode.swift; path = FructusApp.swift; sourceTree = "<group>"; };
		7EA562302704C90F00DB1379 /* ContentView.swift */ = {isa = PBXFileReference; lastKnownFileType = sourcecode.swift; path = ContentView.swift; sourceTree = "<group>"; };
		7EA562322704C90F00DB1379 /* Assets.xcassets */ = {isa = PBXFileReference; lastKnownFileType = folder.assetcatalog; path = Assets.xcassets; sourceTree = "<group>"; };
		7EA562352704C90F00DB1379 /* Preview Assets.xcassets */ = {isa = PBXFileReference; lastKnownFileType = folder.assetcatalog; path = "Preview Assets.xcassets"; sourceTree = "<group>"; };
		7EA5623E2704CD8300DB1379 /* FruitCardView.swift */ = {isa = PBXFileReference; lastKnownFileType = sourcecode.swift; path = FruitCardView.swift; sourceTree = "<group>"; };
		7EA562402704D15B00DB1379 /* StartButtonView.swift */ = {isa = PBXFileReference; lastKnownFileType = sourcecode.swift; path = StartButtonView.swift; sourceTree = "<group>"; };
		7EA562422704D51200DB1379 /* OnboardingView.swift */ = {isa = PBXFileReference; lastKnownFileType = sourcecode.swift; path = OnboardingView.swift; sourceTree = "<group>"; };
		7ECE7FEF270ABB2F007EAE2F /* FruitModel.swift */ = {isa = PBXFileReference; lastKnownFileType = sourcecode.swift; path = FruitModel.swift; sourceTree = "<group>"; };
		7ECE7FF2270ABC54007EAE2F /* FruitData.swift */ = {isa = PBXFileReference; lastKnownFileType = sourcecode.swift; path = FruitData.swift; sourceTree = "<group>"; };
/* End PBXFileReference section */

/* Begin PBXFrameworksBuildPhase section */
		7EA562282704C90F00DB1379 /* Frameworks */ = {
			isa = PBXFrameworksBuildPhase;
			buildActionMask = 2147483647;
			files = (
			);
			runOnlyForDeploymentPostprocessing = 0;
		};
/* End PBXFrameworksBuildPhase section */

/* Begin PBXGroup section */
		7EA562222704C90F00DB1379 = {
			isa = PBXGroup;
			children = (
				7EA5622D2704C90F00DB1379 /* Fructus */,
				7EA5622C2704C90F00DB1379 /* Products */,
			);
			sourceTree = "<group>";
		};
		7EA5622C2704C90F00DB1379 /* Products */ = {
			isa = PBXGroup;
			children = (
				7EA5622B2704C90F00DB1379 /* Fructus.app */,
			);
			name = Products;
			sourceTree = "<group>";
		};
		7EA5622D2704C90F00DB1379 /* Fructus */ = {
			isa = PBXGroup;
			children = (
				7ECE7FF1270ABC40007EAE2F /* Data */,
				7ECE7FEE270ABB11007EAE2F /* Model */,
				7EA5623D2704CD5B00DB1379 /* View */,
				7EA5623C2704CD2600DB1379 /* App */,
				7EA562322704C90F00DB1379 /* Assets.xcassets */,
				7EA562342704C90F00DB1379 /* Preview Content */,
			);
			path = Fructus;
			sourceTree = "<group>";
		};
		7EA562342704C90F00DB1379 /* Preview Content */ = {
			isa = PBXGroup;
			children = (
				7EA562352704C90F00DB1379 /* Preview Assets.xcassets */,
			);
			path = "Preview Content";
			sourceTree = "<group>";
		};
		7EA5623C2704CD2600DB1379 /* App */ = {
			isa = PBXGroup;
			children = (
				7EA5622E2704C90F00DB1379 /* FructusApp.swift */,
				7EA562302704C90F00DB1379 /* ContentView.swift */,
				7EA562422704D51200DB1379 /* OnboardingView.swift */,
				7EA462652710048B001F9D67 /* FruitDetailView.swift */,
				7EA462672710075F001F9D67 /* FruitHeaderView.swift */,
				7E12BA112710A1400099A7B1 /* SettingsView.swift */,
			);
			path = App;
			sourceTree = "<group>";
		};
		7EA5623D2704CD5B00DB1379 /* View */ = {
			isa = PBXGroup;
			children = (
				7EA5623E2704CD8300DB1379 /* FruitCardView.swift */,
				7EA562402704D15B00DB1379 /* StartButtonView.swift */,
				7E5CF6EC270CABCF0078264F /* FruitRowView.swift */,
				7EA4626927100A1C001F9D67 /* SourceLinkView.swift */,
				7E12BA0F27109B420099A7B1 /* FruitNutrientsView.swift */,
				7E12BA132710A55F0099A7B1 /* SettingsLabelView.swift */,
				7E46C1B82710ACBC00A2B3D5 /* SettingsRowView.swift */,
			);
			path = View;
			sourceTree = "<group>";
		};
		7ECE7FEE270ABB11007EAE2F /* Model */ = {
			isa = PBXGroup;
			children = (
				7ECE7FEF270ABB2F007EAE2F /* FruitModel.swift */,
			);
			path = Model;
			sourceTree = "<group>";
		};
		7ECE7FF1270ABC40007EAE2F /* Data */ = {
			isa = PBXGroup;
			children = (
				7ECE7FF2270ABC54007EAE2F /* FruitData.swift */,
			);
			path = Data;
			sourceTree = "<group>";
		};
/* End PBXGroup section */

/* Begin PBXNativeTarget section */
		7EA5622A2704C90F00DB1379 /* Fructus */ = {
			isa = PBXNativeTarget;
			buildConfigurationList = 7EA562392704C90F00DB1379 /* Build configuration list for PBXNativeTarget "Fructus" */;
			buildPhases = (
				7EA562272704C90F00DB1379 /* Sources */,
				7EA562282704C90F00DB1379 /* Frameworks */,
				7EA562292704C90F00DB1379 /* Resources */,
			);
			buildRules = (
			);
			dependencies = (
			);
			name = Fructus;
			productName = Fructus;
			productReference = 7EA5622B2704C90F00DB1379 /* Fructus.app */;
			productType = "com.apple.product-type.application";
		};
/* End PBXNativeTarget section */

/* Begin PBXProject section */
		7EA562232704C90F00DB1379 /* Project object */ = {
			isa = PBXProject;
			attributes = {
				BuildIndependentTargetsInParallel = 1;
				LastSwiftUpdateCheck = 1300;
				LastUpgradeCheck = 1300;
				TargetAttributes = {
					7EA5622A2704C90F00DB1379 = {
						CreatedOnToolsVersion = 13.0;
					};
				};
			};
			buildConfigurationList = 7EA562262704C90F00DB1379 /* Build configuration list for PBXProject "Fructus" */;
			compatibilityVersion = "Xcode 13.0";
			developmentRegion = en;
			hasScannedForEncodings = 0;
			knownRegions = (
				en,
				Base,
			);
			mainGroup = 7EA562222704C90F00DB1379;
			productRefGroup = 7EA5622C2704C90F00DB1379 /* Products */;
			projectDirPath = "";
			projectRoot = "";
			targets = (
				7EA5622A2704C90F00DB1379 /* Fructus */,
			);
		};
/* End PBXProject section */

/* Begin PBXResourcesBuildPhase section */
		7EA562292704C90F00DB1379 /* Resources */ = {
			isa = PBXResourcesBuildPhase;
			buildActionMask = 2147483647;
			files = (
				7EA562362704C90F00DB1379 /* Preview Assets.xcassets in Resources */,
				7EA562332704C90F00DB1379 /* Assets.xcassets in Resources */,
			);
			runOnlyForDeploymentPostprocessing = 0;
		};
/* End PBXResourcesBuildPhase section */

/* Begin PBXSourcesBuildPhase section */
		7EA562272704C90F00DB1379 /* Sources */ = {
			isa = PBXSourcesBuildPhase;
			buildActionMask = 2147483647;
			files = (
				7ECE7FF3270ABC54007EAE2F /* FruitData.swift in Sources */,
				7EA4626A27100A1C001F9D67 /* SourceLinkView.swift in Sources */,
				7E46C1B92710ACBC00A2B3D5 /* SettingsRowView.swift in Sources */,
				7EA5623F2704CD8300DB1379 /* FruitCardView.swift in Sources */,
				7E5CF6ED270CABCF0078264F /* FruitRowView.swift in Sources */,
				7E12BA1027109B420099A7B1 /* FruitNutrientsView.swift in Sources */,
				7EA562412704D15B00DB1379 /* StartButtonView.swift in Sources */,
				7EA462662710048B001F9D67 /* FruitDetailView.swift in Sources */,
				7EA562312704C90F00DB1379 /* ContentView.swift in Sources */,
				7EA462682710075F001F9D67 /* FruitHeaderView.swift in Sources */,
				7EA562432704D51200DB1379 /* OnboardingView.swift in Sources */,
				7E12BA142710A55F0099A7B1 /* SettingsLabelView.swift in Sources */,
				7ECE7FF0270ABB2F007EAE2F /* FruitModel.swift in Sources */,
				7EA5622F2704C90F00DB1379 /* FructusApp.swift in Sources */,
				7E12BA122710A1400099A7B1 /* SettingsView.swift in Sources */,
			);
			runOnlyForDeploymentPostprocessing = 0;
		};
/* End PBXSourcesBuildPhase section */

/* Begin XCBuildConfiguration section */
		7EA562372704C90F00DB1379 /* Debug */ = {
			isa = XCBuildConfiguration;
			buildSettings = {
				ALWAYS_SEARCH_USER_PATHS = NO;
				CLANG_ANALYZER_NONNULL = YES;
				CLANG_ANALYZER_NUMBER_OBJECT_CONVERSION = YES_AGGRESSIVE;
				CLANG_CXX_LANGUAGE_STANDARD = "gnu++17";
				CLANG_CXX_LIBRARY = "libc++";
				CLANG_ENABLE_MODULES = YES;
				CLANG_ENABLE_OBJC_ARC = YES;
				CLANG_ENABLE_OBJC_WEAK = YES;
				CLANG_WARN_BLOCK_CAPTURE_AUTORELEASING = YES;
				CLANG_WARN_BOOL_CONVERSION = YES;
				CLANG_WARN_COMMA = YES;
				CLANG_WARN_CONSTANT_CONVERSION = YES;
				CLANG_WARN_DEPRECATED_OBJC_IMPLEMENTATIONS = YES;
				CLANG_WARN_DIRECT_OBJC_ISA_USAGE = YES_ERROR;
				CLANG_WARN_DOCUMENTATION_COMMENTS = YES;
				CLANG_WARN_EMPTY_BODY = YES;
				CLANG_WARN_ENUM_CONVERSION = YES;
				CLANG_WARN_INFINITE_RECURSION = YES;
				CLANG_WARN_INT_CONVERSION = YES;
				CLANG_WARN_NON_LITERAL_NULL_CONVERSION = YES;
				CLANG_WARN_OBJC_IMPLICIT_RETAIN_SELF = YES;
				CLANG_WARN_OBJC_LITERAL_CONVERSION = YES;
				CLANG_WARN_OBJC_ROOT_CLASS = YES_ERROR;
				CLANG_WARN_QUOTED_INCLUDE_IN_FRAMEWORK_HEADER = YES;
				CLANG_WARN_RANGE_LOOP_ANALYSIS = YES;
				CLANG_WARN_STRICT_PROTOTYPES = YES;
				CLANG_WARN_SUSPICIOUS_MOVE = YES;
				CLANG_WARN_UNGUARDED_AVAILABILITY = YES_AGGRESSIVE;
				CLANG_WARN_UNREACHABLE_CODE = YES;
				CLANG_WARN__DUPLICATE_METHOD_MATCH = YES;
				COPY_PHASE_STRIP = NO;
				DEBUG_INFORMATION_FORMAT = dwarf;
				ENABLE_STRICT_OBJC_MSGSEND = YES;
				ENABLE_TESTABILITY = YES;
				GCC_C_LANGUAGE_STANDARD = gnu11;
				GCC_DYNAMIC_NO_PIC = NO;
				GCC_NO_COMMON_BLOCKS = YES;
				GCC_OPTIMIZATION_LEVEL = 0;
				GCC_PREPROCESSOR_DEFINITIONS = (
					"DEBUG=1",
					"$(inherited)",
				);
				GCC_WARN_64_TO_32_BIT_CONVERSION = YES;
				GCC_WARN_ABOUT_RETURN_TYPE = YES_ERROR;
				GCC_WARN_UNDECLARED_SELECTOR = YES;
				GCC_WARN_UNINITIALIZED_AUTOS = YES_AGGRESSIVE;
				GCC_WARN_UNUSED_FUNCTION = YES;
				GCC_WARN_UNUSED_VARIABLE = YES;
				IPHONEOS_DEPLOYMENT_TARGET = 15.0;
				MTL_ENABLE_DEBUG_INFO = INCLUDE_SOURCE;
				MTL_FAST_MATH = YES;
				ONLY_ACTIVE_ARCH = YES;
				SDKROOT = iphoneos;
				SWIFT_ACTIVE_COMPILATION_CONDITIONS = DEBUG;
				SWIFT_OPTIMIZATION_LEVEL = "-Onone";
			};
			name = Debug;
		};
		7EA562382704C90F00DB1379 /* Release */ = {
			isa = XCBuildConfiguration;
			buildSettings = {
				ALWAYS_SEARCH_USER_PATHS = NO;
				CLANG_ANALYZER_NONNULL = YES;
				CLANG_ANALYZER_NUMBER_OBJECT_CONVERSION = YES_AGGRESSIVE;
				CLANG_CXX_LANGUAGE_STANDARD = "gnu++17";
				CLANG_CXX_LIBRARY = "libc++";
				CLANG_ENABLE_MODULES = YES;
				CLANG_ENABLE_OBJC_ARC = YES;
				CLANG_ENABLE_OBJC_WEAK = YES;
				CLANG_WARN_BLOCK_CAPTURE_AUTORELEASING = YES;
				CLANG_WARN_BOOL_CONVERSION = YES;
				CLANG_WARN_COMMA = YES;
				CLANG_WARN_CONSTANT_CONVERSION = YES;
				CLANG_WARN_DEPRECATED_OBJC_IMPLEMENTATIONS = YES;
				CLANG_WARN_DIRECT_OBJC_ISA_USAGE = YES_ERROR;
				CLANG_WARN_DOCUMENTATION_COMMENTS = YES;
				CLANG_WARN_EMPTY_BODY = YES;
				CLANG_WARN_ENUM_CONVERSION = YES;
				CLANG_WARN_INFINITE_RECURSION = YES;
				CLANG_WARN_INT_CONVERSION = YES;
				CLANG_WARN_NON_LITERAL_NULL_CONVERSION = YES;
				CLANG_WARN_OBJC_IMPLICIT_RETAIN_SELF = YES;
				CLANG_WARN_OBJC_LITERAL_CONVERSION = YES;
				CLANG_WARN_OBJC_ROOT_CLASS = YES_ERROR;
				CLANG_WARN_QUOTED_INCLUDE_IN_FRAMEWORK_HEADER = YES;
				CLANG_WARN_RANGE_LOOP_ANALYSIS = YES;
				CLANG_WARN_STRICT_PROTOTYPES = YES;
				CLANG_WARN_SUSPICIOUS_MOVE = YES;
				CLANG_WARN_UNGUARDED_AVAILABILITY = YES_AGGRESSIVE;
				CLANG_WARN_UNREACHABLE_CODE = YES;
				CLANG_WARN__DUPLICATE_METHOD_MATCH = YES;
				COPY_PHASE_STRIP = NO;
				DEBUG_INFORMATION_FORMAT = "dwarf-with-dsym";
				ENABLE_NS_ASSERTIONS = NO;
				ENABLE_STRICT_OBJC_MSGSEND = YES;
				GCC_C_LANGUAGE_STANDARD = gnu11;
				GCC_NO_COMMON_BLOCKS = YES;
				GCC_WARN_64_TO_32_BIT_CONVERSION = YES;
				GCC_WARN_ABOUT_RETURN_TYPE = YES_ERROR;
				GCC_WARN_UNDECLARED_SELECTOR = YES;
				GCC_WARN_UNINITIALIZED_AUTOS = YES_AGGRESSIVE;
				GCC_WARN_UNUSED_FUNCTION = YES;
				GCC_WARN_UNUSED_VARIABLE = YES;
				IPHONEOS_DEPLOYMENT_TARGET = 15.0;
				MTL_ENABLE_DEBUG_INFO = NO;
				MTL_FAST_MATH = YES;
				SDKROOT = iphoneos;
				SWIFT_COMPILATION_MODE = wholemodule;
				SWIFT_OPTIMIZATION_LEVEL = "-O";
				VALIDATE_PRODUCT = YES;
			};
			name = Release;
		};
		7EA5623A2704C90F00DB1379 /* Debug */ = {
			isa = XCBuildConfiguration;
			buildSettings = {
				ASSETCATALOG_COMPILER_APPICON_NAME = AppIcon;
				ASSETCATALOG_COMPILER_GLOBAL_ACCENT_COLOR_NAME = AccentColor;
				CODE_SIGN_STYLE = Automatic;
				CURRENT_PROJECT_VERSION = 1;
				DEVELOPMENT_ASSET_PATHS = "\"Fructus/Preview Content\"";
				DEVELOPMENT_TEAM = 5U782822RV;
				ENABLE_PREVIEWS = YES;
				GENERATE_INFOPLIST_FILE = YES;
				INFOPLIST_KEY_UIApplicationSceneManifest_Generation = YES;
				INFOPLIST_KEY_UIApplicationSupportsIndirectInputEvents = YES;
				INFOPLIST_KEY_UILaunchScreen_Generation = YES;
				INFOPLIST_KEY_UISupportedInterfaceOrientations = UIInterfaceOrientationPortrait;
				INFOPLIST_KEY_UISupportedInterfaceOrientations_iPad = "UIInterfaceOrientationPortrait UIInterfaceOrientationPortraitUpsideDown UIInterfaceOrientationLandscapeLeft UIInterfaceOrientationLandscapeRight";
				INFOPLIST_KEY_UISupportedInterfaceOrientations_iPhone = "UIInterfaceOrientationPortrait UIInterfaceOrientationLandscapeLeft UIInterfaceOrientationLandscapeRight";
				IPHONEOS_DEPLOYMENT_TARGET = 14.0;
				LD_RUNPATH_SEARCH_PATHS = (
					"$(inherited)",
					"@executable_path/Frameworks",
				);
				MARKETING_VERSION = 1.0;
				PRODUCT_BUNDLE_IDENTIFIER = ThomasG51.Fructus;
				PRODUCT_NAME = "$(TARGET_NAME)";
				SWIFT_EMIT_LOC_STRINGS = YES;
				SWIFT_VERSION = 5.0;
				TARGETED_DEVICE_FAMILY = "1,2";
			};
			name = Debug;
		};
		7EA5623B2704C90F00DB1379 /* Release */ = {
			isa = XCBuildConfiguration;
			buildSettings = {
				ASSETCATALOG_COMPILER_APPICON_NAME = AppIcon;
				ASSETCATALOG_COMPILER_GLOBAL_ACCENT_COLOR_NAME = AccentColor;
				CODE_SIGN_STYLE = Automatic;
				CURRENT_PROJECT_VERSION = 1;
				DEVELOPMENT_ASSET_PATHS = "\"Fructus/Preview Content\"";
				DEVELOPMENT_TEAM = 5U782822RV;
				ENABLE_PREVIEWS = YES;
				GENERATE_INFOPLIST_FILE = YES;
				INFOPLIST_KEY_UIApplicationSceneManifest_Generation = YES;
				INFOPLIST_KEY_UIApplicationSupportsIndirectInputEvents = YES;
				INFOPLIST_KEY_UILaunchScreen_Generation = YES;
				INFOPLIST_KEY_UISupportedInterfaceOrientations = UIInterfaceOrientationPortrait;
				INFOPLIST_KEY_UISupportedInterfaceOrientations_iPad = "UIInterfaceOrientationPortrait UIInterfaceOrientationPortraitUpsideDown UIInterfaceOrientationLandscapeLeft UIInterfaceOrientationLandscapeRight";
				INFOPLIST_KEY_UISupportedInterfaceOrientations_iPhone = "UIInterfaceOrientationPortrait UIInterfaceOrientationLandscapeLeft UIInterfaceOrientationLandscapeRight";
				IPHONEOS_DEPLOYMENT_TARGET = 14.0;
				LD_RUNPATH_SEARCH_PATHS = (
					"$(inherited)",
					"@executable_path/Frameworks",
				);
				MARKETING_VERSION = 1.0;
				PRODUCT_BUNDLE_IDENTIFIER = ThomasG51.Fructus;
				PRODUCT_NAME = "$(TARGET_NAME)";
				SWIFT_EMIT_LOC_STRINGS = YES;
				SWIFT_VERSION = 5.0;
				TARGETED_DEVICE_FAMILY = "1,2";
			};
			name = Release;
		};
/* End XCBuildConfiguration section */

/* Begin XCConfigurationList section */
		7EA562262704C90F00DB1379 /* Build configuration list for PBXProject "Fructus" */ = {
			isa = XCConfigurationList;
			buildConfigurations = (
				7EA562372704C90F00DB1379 /* Debug */,
				7EA562382704C90F00DB1379 /* Release */,
			);
			defaultConfigurationIsVisible = 0;
			defaultConfigurationName = Release;
		};
		7EA562392704C90F00DB1379 /* Build configuration list for PBXNativeTarget "Fructus" */ = {
			isa = XCConfigurationList;
			buildConfigurations = (
				7EA5623A2704C90F00DB1379 /* Debug */,
				7EA5623B2704C90F00DB1379 /* Release */,
			);
			defaultConfigurationIsVisible = 0;
			defaultConfigurationName = Release;
		};
/* End XCConfigurationList section */
	};
	rootObject = 7EA562232704C90F00DB1379 /* Project object */;
}
